
Microsoft Visual Studio Solution File, Format Version 12.00
# Visual Studio 14
VisualStudioVersion = 14.0.25420.1
MinimumVisualStudioVersion = 10.0.40219.1
Project("{FAE04EC0-301F-11D3-BF4B-00C04F79EFBC}") = "Website", "Website\Website.csproj", "{A3B319C1-9328-4C4B-8A52-510F09317809}"
EndProject
Project("{2150E333-8FDC-42A3-9474-1A3956D46DE8}") = "CopySite", "CopySite", "{B5F2C94C-C522-4617-8EB6-9F0D485CC1C9}"
EndProject
Project("{2150E333-8FDC-42A3-9474-1A3956D46DE8}") = "DataProvider", "DataProvider", "{F25BDDB8-D549-48E5-8EF2-20368DAF405B}"
EndProject
Project("{FAE04EC0-301F-11D3-BF4B-00C04F79EFBC}") = "File", "DataProvider\File\File.csproj", "{F0DF6C3B-2B71-4526-8FD0-AC2B731B2C3B}"
EndProject
Project("{FAE04EC0-301F-11D3-BF4B-00C04F79EFBC}") = "Localization", "DataProvider\Localization\Localization.csproj", "{95824F1C-E1A5-42D3-915A-D55F10882743}"
EndProject
Project("{FAE04EC0-301F-11D3-BF4B-00C04F79EFBC}") = "ModuleDefinition", "DataProvider\ModuleDefinition\ModuleDefinition.csproj", "{348F2A6B-57F5-47A3-8A46-3F44529ACD83}"
EndProject
Project("{FAE04EC0-301F-11D3-BF4B-00C04F79EFBC}") = "SQL", "DataProvider\SQL\SQL.csproj", "{6A90EAB3-A9E4-4A2C-90D9-145859790C46}"
EndProject
Project("{2150E333-8FDC-42A3-9474-1A3956D46DE8}") = "CoreComponents", "CoreComponents", "{DD29F439-3F33-4B7E-AD95-DF6B54430782}"
EndProject
Project("{2150E333-8FDC-42A3-9474-1A3956D46DE8}") = "Modules", "Modules", "{77F60253-2BB5-482E-A467-25D5E4411725}"
EndProject
Project("{2150E333-8FDC-42A3-9474-1A3956D46DE8}") = "YetaWF", "YetaWF", "{A6B92883-EBFB-4DFE-9817-52EC7E1EDB0C}"
EndProject
Project("{FAE04EC0-301F-11D3-BF4B-00C04F79EFBC}") = "AddThis", "Modules\YetaWF\AddThis\AddThis.csproj", "{9D25CE01-007F-458C-991F-8BF07C5C97F9}"
EndProject
Project("{FAE04EC0-301F-11D3-BF4B-00C04F79EFBC}") = "Backups", "Modules\YetaWF\Backups\Backups.csproj", "{D3DE0B35-DA4F-4A3E-A5DE-EBCD584D46E1}"
EndProject
Project("{FAE04EC0-301F-11D3-BF4B-00C04F79EFBC}") = "Basics", "Modules\YetaWF\Basics\Basics.csproj", "{A37EAA28-3B4D-4865-8170-830C2A4A97CC}"
EndProject
Project("{FAE04EC0-301F-11D3-BF4B-00C04F79EFBC}") = "Blog", "Modules\YetaWF\Blog\Blog.csproj", "{CB2DE6AC-AD35-4CF1-B77C-72B4AAF4E9A6}"
EndProject
Project("{FAE04EC0-301F-11D3-BF4B-00C04F79EFBC}") = "BootstrapCarousel", "Modules\YetaWF\BootstrapCarousel\BootstrapCarousel.csproj", "{F5ECEE0B-353E-4FDC-8F62-6CD387355221}"
EndProject
Project("{FAE04EC0-301F-11D3-BF4B-00C04F79EFBC}") = "CurrencyConverter", "Modules\YetaWF\CurrencyConverter\CurrencyConverter.csproj", "{C2EED268-B63B-4A74-927E-FE4C13ADB3C5}"
EndProject
Project("{FAE04EC0-301F-11D3-BF4B-00C04F79EFBC}") = "Dashboard", "Modules\YetaWF\Dashboard\Dashboard.csproj", "{E2B03BB1-678D-43EC-B8A9-54F8C5EBFF9D}"
EndProject
Project("{FAE04EC0-301F-11D3-BF4B-00C04F79EFBC}") = "DevTests", "Modules\YetaWF\DevTests\DevTests.csproj", "{B96812CB-9A47-4504-93B2-B6F095B7AA1D}"
EndProject
Project("{FAE04EC0-301F-11D3-BF4B-00C04F79EFBC}") = "Feed", "Modules\YetaWF\Feed\Feed.csproj", "{5690B5B4-D3FE-4F3B-A9AD-2A4672C8A6F0}"
EndProject
Project("{FAE04EC0-301F-11D3-BF4B-00C04F79EFBC}") = "Feedback", "Modules\YetaWF\Feedback\Feedback.csproj", "{E81434B2-F1F7-4794-B31A-18BB45BA3DB7}"
EndProject
Project("{FAE04EC0-301F-11D3-BF4B-00C04F79EFBC}") = "Identity", "Modules\YetaWF\Identity\Identity.csproj", "{86178F8E-67E8-4D3D-9800-65C88D0B5849}"
EndProject
Project("{FAE04EC0-301F-11D3-BF4B-00C04F79EFBC}") = "IFrame", "Modules\YetaWF\IFrame\IFrame.csproj", "{F8EA2568-5E19-4BE1-90C5-53DFC69344DF}"
EndProject
Project("{FAE04EC0-301F-11D3-BF4B-00C04F79EFBC}") = "ImageRepository", "Modules\YetaWF\ImageRepository\ImageRepository.csproj", "{D46C5A31-8CB6-43A9-BB45-5C515F7A4A38}"
EndProject
Project("{FAE04EC0-301F-11D3-BF4B-00C04F79EFBC}") = "Languages", "Modules\YetaWF\Languages\Languages.csproj", "{E6751E29-EEA1-4319-B050-38E1F2C7EC0D}"
EndProject
Project("{FAE04EC0-301F-11D3-BF4B-00C04F79EFBC}") = "Lightbox", "Modules\YetaWF\Lightbox\Lightbox.csproj", "{BDBF17B7-A629-4958-B804-BF7FFCF1671A}"
EndProject
Project("{FAE04EC0-301F-11D3-BF4B-00C04F79EFBC}") = "Logging", "Modules\YetaWF\Logging\Logging.csproj", "{EAE0AE43-F32E-436D-8F4E-302AACB99C16}"
EndProject
Project("{FAE04EC0-301F-11D3-BF4B-00C04F79EFBC}") = "Menus", "Modules\YetaWF\Menus\Menus.csproj", "{AC2FC261-B14A-489A-809B-89E878A44A77}"
EndProject
Project("{FAE04EC0-301F-11D3-BF4B-00C04F79EFBC}") = "ModuleEdit", "Modules\YetaWF\ModuleEdit\ModuleEdit.csproj", "{388F8552-48F1-4A3A-8CD7-117DA776783A}"
EndProject
Project("{FAE04EC0-301F-11D3-BF4B-00C04F79EFBC}") = "Modules", "Modules\YetaWF\Modules\Modules.csproj", "{BD718C2F-20E1-432A-A1EB-E6E6F5F1BD30}"
EndProject
Project("{FAE04EC0-301F-11D3-BF4B-00C04F79EFBC}") = "Packages", "Modules\YetaWF\Packages\Packages.csproj", "{60C5B361-6A9C-4215-B3A1-A09A2BF2C14D}"
EndProject
Project("{FAE04EC0-301F-11D3-BF4B-00C04F79EFBC}") = "PageEar", "Modules\YetaWF\PageEar\PageEar.csproj", "{39D6B318-BA7F-499C-8D2F-086C6A222FE1}"
EndProject
Project("{FAE04EC0-301F-11D3-BF4B-00C04F79EFBC}") = "PageEdit", "Modules\YetaWF\PageEdit\PageEdit.csproj", "{A86C1F1B-940F-414C-B23A-102432A69D5E}"
EndProject
Project("{FAE04EC0-301F-11D3-BF4B-00C04F79EFBC}") = "Pages", "Modules\YetaWF\Pages\Pages.csproj", "{ABD7D692-A3D1-4175-A88B-A4B9EE97F61D}"
EndProject
Project("{FAE04EC0-301F-11D3-BF4B-00C04F79EFBC}") = "Scheduler", "Modules\YetaWF\Scheduler\Scheduler.csproj", "{343FCD1D-7B74-4B71-BB1A-A4370F482B23}"
EndProject
Project("{FAE04EC0-301F-11D3-BF4B-00C04F79EFBC}") = "Search", "Modules\YetaWF\Search\Search.csproj", "{8D2B0F98-869F-43ED-AE36-A61F54AF8E2A}"
EndProject
Project("{FAE04EC0-301F-11D3-BF4B-00C04F79EFBC}") = "Security", "Modules\YetaWF\Security\Security.csproj", "{666E9261-0153-41B3-B05F-C183664C0D10}"
EndProject
Project("{FAE04EC0-301F-11D3-BF4B-00C04F79EFBC}") = "SiteProperties", "Modules\YetaWF\SiteProperties\SiteProperties.csproj", "{6346AD84-48D7-4C28-8BCB-5D8B1CAA8735}"
EndProject
Project("{FAE04EC0-301F-11D3-BF4B-00C04F79EFBC}") = "Sites", "Modules\YetaWF\Sites\Sites.csproj", "{18510085-652B-49E8-8EA8-52EAEB8F27DC}"
EndProject
Project("{FAE04EC0-301F-11D3-BF4B-00C04F79EFBC}") = "SyntaxHighlighter", "Modules\YetaWF\SyntaxHighlighter\SyntaxHighlighter.csproj", "{6BA26781-9DCB-4487-844E-80F46F4A713F}"
EndProject
Project("{FAE04EC0-301F-11D3-BF4B-00C04F79EFBC}") = "Text", "Modules\YetaWF\Text\Text.csproj", "{57B84B67-DA40-41B3-8C37-B544F3730C25}"
EndProject
Project("{FAE04EC0-301F-11D3-BF4B-00C04F79EFBC}") = "TinyLanguage", "Modules\YetaWF\TinyLanguage\TinyLanguage.csproj", "{4D7F8814-7A93-47B0-BD72-579F5E293D84}"
EndProject
Project("{FAE04EC0-301F-11D3-BF4B-00C04F79EFBC}") = "TinyLogin", "Modules\YetaWF\TinyLogin\TinyLogin.csproj", "{E0AD8487-7A53-4BE7-B012-5D2377F5CCEA}"
EndProject
Project("{FAE04EC0-301F-11D3-BF4B-00C04F79EFBC}") = "UserProfile", "Modules\YetaWF\UserProfile\UserProfile.csproj", "{0A7C8A1C-F00B-47B8-9C8B-73819964860A}"
EndProject
Project("{FAE04EC0-301F-11D3-BF4B-00C04F79EFBC}") = "UserSettings", "Modules\YetaWF\UserSettings\UserSettings.csproj", "{4C31A20F-E728-4C32-85D3-CB8A4D4241B8}"
EndProject
Project("{FAE04EC0-301F-11D3-BF4B-00C04F79EFBC}") = "Visitors", "Modules\YetaWF\Visitors\Visitors.csproj", "{13C9BCDD-B595-4A96-B541-A493086ABFEE}"
EndProject
Project("{2150E333-8FDC-42A3-9474-1A3956D46DE8}") = "Skins", "Skins", "{A56250BF-9A3C-48E0-8795-F6666D2B532B}"
EndProject
Project("{2150E333-8FDC-42A3-9474-1A3956D46DE8}") = "YetaWF", "YetaWF", "{E5B4AA83-CB82-4DCE-B9A0-E7BCAEF51D1E}"
EndProject
Project("{FAE04EC0-301F-11D3-BF4B-00C04F79EFBC}") = "Core", "CoreComponents\Core\Core.csproj", "{71ACC7AC-2622-4127-B925-D058C01A39E5}"
EndProject
Project("{FAE04EC0-301F-11D3-BF4B-00C04F79EFBC}") = "CssHttpHandler", "CoreComponents\CssHttpHandler\CssHttpHandler.csproj", "{7881D87A-C00C-4765-BABB-4D76F558693E}"
EndProject
Project("{FAE04EC0-301F-11D3-BF4B-00C04F79EFBC}") = "ImageHttpHandler", "CoreComponents\ImageHttpHandler\ImageHttpHandler.csproj", "{D07F04A5-A3DF-42BB-9CD9-7719BB765A94}"
EndProject
Project("{FAE04EC0-301F-11D3-BF4B-00C04F79EFBC}") = "TawkTo", "Modules\YetaWF\TawkTo\TawkTo.csproj", "{F511D9E0-9EA6-430B-9CBA-908775DBC3F9}"
EndProject
Project("{FAE04EC0-301F-11D3-BF4B-00C04F79EFBC}") = "Panels", "Modules\YetaWF\Panels\Panels.csproj", "{50E1D62C-4532-4C1D-BDE4-50CD7E0F9BC9}"
EndProject
Project("{FAE04EC0-301F-11D3-BF4B-00C04F79EFBC}") = "DefaultSkin", "Skins\YetaWF\DefaultSkin\DefaultSkin.csproj", "{6DE84C3A-4A83-4E13-9BEB-48933BF5CEBC}"
EndProject
Project("{FAE04EC0-301F-11D3-BF4B-00C04F79EFBC}") = "Caching", "Modules\YetaWF\Caching\Caching.csproj", "{E0109F2E-764D-4173-BD8B-B690BFF87648}"
EndProject
Project("{FAE04EC0-301F-11D3-BF4B-00C04F79EFBC}") = "ComponentsHTML", "Modules\YetaWF\ComponentsHTML\ComponentsHTML.csproj", "{AB7BFD23-57E8-40A6-85EA-9D4B3206075F}"
EndProject
Project("{FAE04EC0-301F-11D3-BF4B-00C04F79EFBC}") = "Messenger", "Modules\YetaWF\Messenger\Messenger.csproj", "{8ED71C70-C6C1-48C0-8B2E-153B215F1987}"
EndProject
Project("{FAE04EC0-301F-11D3-BF4B-00C04F79EFBC}") = "TwilioProcessor", "Modules\YetaWF\TwilioProcessor\TwilioProcessor.csproj", "{BE293A6C-8F06-4B4C-8B88-65787F57F098}"
EndProject
Global
	GlobalSection(SolutionConfigurationPlatforms) = preSolution
		Debug|Any CPU = Debug|Any CPU
		Release|Any CPU = Release|Any CPU
	EndGlobalSection
	GlobalSection(ProjectConfigurationPlatforms) = postSolution
		{A3B319C1-9328-4C4B-8A52-510F09317809}.Debug|Any CPU.ActiveCfg = Debug|Any CPU
		{A3B319C1-9328-4C4B-8A52-510F09317809}.Debug|Any CPU.Build.0 = Debug|Any CPU
		{A3B319C1-9328-4C4B-8A52-510F09317809}.Release|Any CPU.ActiveCfg = Release|Any CPU
		{A3B319C1-9328-4C4B-8A52-510F09317809}.Release|Any CPU.Build.0 = Release|Any CPU
		{F0DF6C3B-2B71-4526-8FD0-AC2B731B2C3B}.Debug|Any CPU.ActiveCfg = Debug|Any CPU
		{F0DF6C3B-2B71-4526-8FD0-AC2B731B2C3B}.Debug|Any CPU.Build.0 = Debug|Any CPU
		{F0DF6C3B-2B71-4526-8FD0-AC2B731B2C3B}.Release|Any CPU.ActiveCfg = Release|Any CPU
		{F0DF6C3B-2B71-4526-8FD0-AC2B731B2C3B}.Release|Any CPU.Build.0 = Release|Any CPU
		{95824F1C-E1A5-42D3-915A-D55F10882743}.Debug|Any CPU.ActiveCfg = Debug|Any CPU
		{95824F1C-E1A5-42D3-915A-D55F10882743}.Debug|Any CPU.Build.0 = Debug|Any CPU
		{95824F1C-E1A5-42D3-915A-D55F10882743}.Release|Any CPU.ActiveCfg = Release|Any CPU
		{95824F1C-E1A5-42D3-915A-D55F10882743}.Release|Any CPU.Build.0 = Release|Any CPU
		{348F2A6B-57F5-47A3-8A46-3F44529ACD83}.Debug|Any CPU.ActiveCfg = Debug|Any CPU
		{348F2A6B-57F5-47A3-8A46-3F44529ACD83}.Debug|Any CPU.Build.0 = Debug|Any CPU
		{348F2A6B-57F5-47A3-8A46-3F44529ACD83}.Release|Any CPU.ActiveCfg = Release|Any CPU
		{348F2A6B-57F5-47A3-8A46-3F44529ACD83}.Release|Any CPU.Build.0 = Release|Any CPU
		{6A90EAB3-A9E4-4A2C-90D9-145859790C46}.Debug|Any CPU.ActiveCfg = Debug|Any CPU
		{6A90EAB3-A9E4-4A2C-90D9-145859790C46}.Debug|Any CPU.Build.0 = Debug|Any CPU
		{6A90EAB3-A9E4-4A2C-90D9-145859790C46}.Release|Any CPU.ActiveCfg = Release|Any CPU
		{6A90EAB3-A9E4-4A2C-90D9-145859790C46}.Release|Any CPU.Build.0 = Release|Any CPU
		{9D25CE01-007F-458C-991F-8BF07C5C97F9}.Debug|Any CPU.ActiveCfg = Debug|Any CPU
		{9D25CE01-007F-458C-991F-8BF07C5C97F9}.Debug|Any CPU.Build.0 = Debug|Any CPU
		{9D25CE01-007F-458C-991F-8BF07C5C97F9}.Release|Any CPU.ActiveCfg = Release|Any CPU
		{9D25CE01-007F-458C-991F-8BF07C5C97F9}.Release|Any CPU.Build.0 = Release|Any CPU
		{D3DE0B35-DA4F-4A3E-A5DE-EBCD584D46E1}.Debug|Any CPU.ActiveCfg = Debug|Any CPU
		{D3DE0B35-DA4F-4A3E-A5DE-EBCD584D46E1}.Debug|Any CPU.Build.0 = Debug|Any CPU
		{D3DE0B35-DA4F-4A3E-A5DE-EBCD584D46E1}.Release|Any CPU.ActiveCfg = Release|Any CPU
		{D3DE0B35-DA4F-4A3E-A5DE-EBCD584D46E1}.Release|Any CPU.Build.0 = Release|Any CPU
		{A37EAA28-3B4D-4865-8170-830C2A4A97CC}.Debug|Any CPU.ActiveCfg = Debug|Any CPU
		{A37EAA28-3B4D-4865-8170-830C2A4A97CC}.Debug|Any CPU.Build.0 = Debug|Any CPU
		{A37EAA28-3B4D-4865-8170-830C2A4A97CC}.Release|Any CPU.ActiveCfg = Release|Any CPU
		{A37EAA28-3B4D-4865-8170-830C2A4A97CC}.Release|Any CPU.Build.0 = Release|Any CPU
		{CB2DE6AC-AD35-4CF1-B77C-72B4AAF4E9A6}.Debug|Any CPU.ActiveCfg = Debug|Any CPU
		{CB2DE6AC-AD35-4CF1-B77C-72B4AAF4E9A6}.Debug|Any CPU.Build.0 = Debug|Any CPU
		{CB2DE6AC-AD35-4CF1-B77C-72B4AAF4E9A6}.Release|Any CPU.ActiveCfg = Release|Any CPU
		{CB2DE6AC-AD35-4CF1-B77C-72B4AAF4E9A6}.Release|Any CPU.Build.0 = Release|Any CPU
		{F5ECEE0B-353E-4FDC-8F62-6CD387355221}.Debug|Any CPU.ActiveCfg = Debug|Any CPU
		{F5ECEE0B-353E-4FDC-8F62-6CD387355221}.Debug|Any CPU.Build.0 = Debug|Any CPU
		{F5ECEE0B-353E-4FDC-8F62-6CD387355221}.Release|Any CPU.ActiveCfg = Release|Any CPU
		{F5ECEE0B-353E-4FDC-8F62-6CD387355221}.Release|Any CPU.Build.0 = Release|Any CPU
		{C2EED268-B63B-4A74-927E-FE4C13ADB3C5}.Debug|Any CPU.ActiveCfg = Debug|Any CPU
		{C2EED268-B63B-4A74-927E-FE4C13ADB3C5}.Debug|Any CPU.Build.0 = Debug|Any CPU
		{C2EED268-B63B-4A74-927E-FE4C13ADB3C5}.Release|Any CPU.ActiveCfg = Release|Any CPU
		{C2EED268-B63B-4A74-927E-FE4C13ADB3C5}.Release|Any CPU.Build.0 = Release|Any CPU
		{E2B03BB1-678D-43EC-B8A9-54F8C5EBFF9D}.Debug|Any CPU.ActiveCfg = Debug|Any CPU
		{E2B03BB1-678D-43EC-B8A9-54F8C5EBFF9D}.Debug|Any CPU.Build.0 = Debug|Any CPU
		{E2B03BB1-678D-43EC-B8A9-54F8C5EBFF9D}.Release|Any CPU.ActiveCfg = Release|Any CPU
		{E2B03BB1-678D-43EC-B8A9-54F8C5EBFF9D}.Release|Any CPU.Build.0 = Release|Any CPU
		{B96812CB-9A47-4504-93B2-B6F095B7AA1D}.Debug|Any CPU.ActiveCfg = Debug|Any CPU
		{B96812CB-9A47-4504-93B2-B6F095B7AA1D}.Debug|Any CPU.Build.0 = Debug|Any CPU
		{B96812CB-9A47-4504-93B2-B6F095B7AA1D}.Release|Any CPU.ActiveCfg = Release|Any CPU
		{B96812CB-9A47-4504-93B2-B6F095B7AA1D}.Release|Any CPU.Build.0 = Release|Any CPU
		{5690B5B4-D3FE-4F3B-A9AD-2A4672C8A6F0}.Debug|Any CPU.ActiveCfg = Debug|Any CPU
		{5690B5B4-D3FE-4F3B-A9AD-2A4672C8A6F0}.Debug|Any CPU.Build.0 = Debug|Any CPU
		{5690B5B4-D3FE-4F3B-A9AD-2A4672C8A6F0}.Release|Any CPU.ActiveCfg = Release|Any CPU
		{5690B5B4-D3FE-4F3B-A9AD-2A4672C8A6F0}.Release|Any CPU.Build.0 = Release|Any CPU
		{E81434B2-F1F7-4794-B31A-18BB45BA3DB7}.Debug|Any CPU.ActiveCfg = Debug|Any CPU
		{E81434B2-F1F7-4794-B31A-18BB45BA3DB7}.Debug|Any CPU.Build.0 = Debug|Any CPU
		{E81434B2-F1F7-4794-B31A-18BB45BA3DB7}.Release|Any CPU.ActiveCfg = Release|Any CPU
		{E81434B2-F1F7-4794-B31A-18BB45BA3DB7}.Release|Any CPU.Build.0 = Release|Any CPU
		{86178F8E-67E8-4D3D-9800-65C88D0B5849}.Debug|Any CPU.ActiveCfg = Debug|Any CPU
		{86178F8E-67E8-4D3D-9800-65C88D0B5849}.Debug|Any CPU.Build.0 = Debug|Any CPU
		{86178F8E-67E8-4D3D-9800-65C88D0B5849}.Release|Any CPU.ActiveCfg = Release|Any CPU
		{86178F8E-67E8-4D3D-9800-65C88D0B5849}.Release|Any CPU.Build.0 = Release|Any CPU
		{F8EA2568-5E19-4BE1-90C5-53DFC69344DF}.Debug|Any CPU.ActiveCfg = Debug|Any CPU
		{F8EA2568-5E19-4BE1-90C5-53DFC69344DF}.Debug|Any CPU.Build.0 = Debug|Any CPU
		{F8EA2568-5E19-4BE1-90C5-53DFC69344DF}.Release|Any CPU.ActiveCfg = Release|Any CPU
		{F8EA2568-5E19-4BE1-90C5-53DFC69344DF}.Release|Any CPU.Build.0 = Release|Any CPU
		{D46C5A31-8CB6-43A9-BB45-5C515F7A4A38}.Debug|Any CPU.ActiveCfg = Debug|Any CPU
		{D46C5A31-8CB6-43A9-BB45-5C515F7A4A38}.Debug|Any CPU.Build.0 = Debug|Any CPU
		{D46C5A31-8CB6-43A9-BB45-5C515F7A4A38}.Release|Any CPU.ActiveCfg = Release|Any CPU
		{D46C5A31-8CB6-43A9-BB45-5C515F7A4A38}.Release|Any CPU.Build.0 = Release|Any CPU
		{E6751E29-EEA1-4319-B050-38E1F2C7EC0D}.Debug|Any CPU.ActiveCfg = Debug|Any CPU
		{E6751E29-EEA1-4319-B050-38E1F2C7EC0D}.Debug|Any CPU.Build.0 = Debug|Any CPU
		{E6751E29-EEA1-4319-B050-38E1F2C7EC0D}.Release|Any CPU.ActiveCfg = Release|Any CPU
		{E6751E29-EEA1-4319-B050-38E1F2C7EC0D}.Release|Any CPU.Build.0 = Release|Any CPU
		{BDBF17B7-A629-4958-B804-BF7FFCF1671A}.Debug|Any CPU.ActiveCfg = Debug|Any CPU
		{BDBF17B7-A629-4958-B804-BF7FFCF1671A}.Debug|Any CPU.Build.0 = Debug|Any CPU
		{BDBF17B7-A629-4958-B804-BF7FFCF1671A}.Release|Any CPU.ActiveCfg = Release|Any CPU
		{BDBF17B7-A629-4958-B804-BF7FFCF1671A}.Release|Any CPU.Build.0 = Release|Any CPU
		{EAE0AE43-F32E-436D-8F4E-302AACB99C16}.Debug|Any CPU.ActiveCfg = Debug|Any CPU
		{EAE0AE43-F32E-436D-8F4E-302AACB99C16}.Debug|Any CPU.Build.0 = Debug|Any CPU
		{EAE0AE43-F32E-436D-8F4E-302AACB99C16}.Release|Any CPU.ActiveCfg = Release|Any CPU
		{EAE0AE43-F32E-436D-8F4E-302AACB99C16}.Release|Any CPU.Build.0 = Release|Any CPU
		{AC2FC261-B14A-489A-809B-89E878A44A77}.Debug|Any CPU.ActiveCfg = Debug|Any CPU
		{AC2FC261-B14A-489A-809B-89E878A44A77}.Debug|Any CPU.Build.0 = Debug|Any CPU
		{AC2FC261-B14A-489A-809B-89E878A44A77}.Release|Any CPU.ActiveCfg = Release|Any CPU
		{AC2FC261-B14A-489A-809B-89E878A44A77}.Release|Any CPU.Build.0 = Release|Any CPU
		{388F8552-48F1-4A3A-8CD7-117DA776783A}.Debug|Any CPU.ActiveCfg = Debug|Any CPU
		{388F8552-48F1-4A3A-8CD7-117DA776783A}.Debug|Any CPU.Build.0 = Debug|Any CPU
		{388F8552-48F1-4A3A-8CD7-117DA776783A}.Release|Any CPU.ActiveCfg = Release|Any CPU
		{388F8552-48F1-4A3A-8CD7-117DA776783A}.Release|Any CPU.Build.0 = Release|Any CPU
		{BD718C2F-20E1-432A-A1EB-E6E6F5F1BD30}.Debug|Any CPU.ActiveCfg = Debug|Any CPU
		{BD718C2F-20E1-432A-A1EB-E6E6F5F1BD30}.Debug|Any CPU.Build.0 = Debug|Any CPU
		{BD718C2F-20E1-432A-A1EB-E6E6F5F1BD30}.Release|Any CPU.ActiveCfg = Release|Any CPU
		{BD718C2F-20E1-432A-A1EB-E6E6F5F1BD30}.Release|Any CPU.Build.0 = Release|Any CPU
		{60C5B361-6A9C-4215-B3A1-A09A2BF2C14D}.Debug|Any CPU.ActiveCfg = Debug|Any CPU
		{60C5B361-6A9C-4215-B3A1-A09A2BF2C14D}.Debug|Any CPU.Build.0 = Debug|Any CPU
		{60C5B361-6A9C-4215-B3A1-A09A2BF2C14D}.Release|Any CPU.ActiveCfg = Release|Any CPU
		{60C5B361-6A9C-4215-B3A1-A09A2BF2C14D}.Release|Any CPU.Build.0 = Release|Any CPU
		{39D6B318-BA7F-499C-8D2F-086C6A222FE1}.Debug|Any CPU.ActiveCfg = Debug|Any CPU
		{39D6B318-BA7F-499C-8D2F-086C6A222FE1}.Debug|Any CPU.Build.0 = Debug|Any CPU
		{39D6B318-BA7F-499C-8D2F-086C6A222FE1}.Release|Any CPU.ActiveCfg = Release|Any CPU
		{39D6B318-BA7F-499C-8D2F-086C6A222FE1}.Release|Any CPU.Build.0 = Release|Any CPU
		{A86C1F1B-940F-414C-B23A-102432A69D5E}.Debug|Any CPU.ActiveCfg = Debug|Any CPU
		{A86C1F1B-940F-414C-B23A-102432A69D5E}.Debug|Any CPU.Build.0 = Debug|Any CPU
		{A86C1F1B-940F-414C-B23A-102432A69D5E}.Release|Any CPU.ActiveCfg = Release|Any CPU
		{A86C1F1B-940F-414C-B23A-102432A69D5E}.Release|Any CPU.Build.0 = Release|Any CPU
		{ABD7D692-A3D1-4175-A88B-A4B9EE97F61D}.Debug|Any CPU.ActiveCfg = Debug|Any CPU
		{ABD7D692-A3D1-4175-A88B-A4B9EE97F61D}.Debug|Any CPU.Build.0 = Debug|Any CPU
		{ABD7D692-A3D1-4175-A88B-A4B9EE97F61D}.Release|Any CPU.ActiveCfg = Release|Any CPU
		{ABD7D692-A3D1-4175-A88B-A4B9EE97F61D}.Release|Any CPU.Build.0 = Release|Any CPU
		{343FCD1D-7B74-4B71-BB1A-A4370F482B23}.Debug|Any CPU.ActiveCfg = Debug|Any CPU
		{343FCD1D-7B74-4B71-BB1A-A4370F482B23}.Debug|Any CPU.Build.0 = Debug|Any CPU
		{343FCD1D-7B74-4B71-BB1A-A4370F482B23}.Release|Any CPU.ActiveCfg = Release|Any CPU
		{343FCD1D-7B74-4B71-BB1A-A4370F482B23}.Release|Any CPU.Build.0 = Release|Any CPU
		{8D2B0F98-869F-43ED-AE36-A61F54AF8E2A}.Debug|Any CPU.ActiveCfg = Debug|Any CPU
		{8D2B0F98-869F-43ED-AE36-A61F54AF8E2A}.Debug|Any CPU.Build.0 = Debug|Any CPU
		{8D2B0F98-869F-43ED-AE36-A61F54AF8E2A}.Release|Any CPU.ActiveCfg = Release|Any CPU
		{8D2B0F98-869F-43ED-AE36-A61F54AF8E2A}.Release|Any CPU.Build.0 = Release|Any CPU
		{666E9261-0153-41B3-B05F-C183664C0D10}.Debug|Any CPU.ActiveCfg = Debug|Any CPU
		{666E9261-0153-41B3-B05F-C183664C0D10}.Debug|Any CPU.Build.0 = Debug|Any CPU
		{666E9261-0153-41B3-B05F-C183664C0D10}.Release|Any CPU.ActiveCfg = Release|Any CPU
		{666E9261-0153-41B3-B05F-C183664C0D10}.Release|Any CPU.Build.0 = Release|Any CPU
		{6346AD84-48D7-4C28-8BCB-5D8B1CAA8735}.Debug|Any CPU.ActiveCfg = Debug|Any CPU
		{6346AD84-48D7-4C28-8BCB-5D8B1CAA8735}.Debug|Any CPU.Build.0 = Debug|Any CPU
		{6346AD84-48D7-4C28-8BCB-5D8B1CAA8735}.Release|Any CPU.ActiveCfg = Release|Any CPU
		{6346AD84-48D7-4C28-8BCB-5D8B1CAA8735}.Release|Any CPU.Build.0 = Release|Any CPU
		{18510085-652B-49E8-8EA8-52EAEB8F27DC}.Debug|Any CPU.ActiveCfg = Debug|Any CPU
		{18510085-652B-49E8-8EA8-52EAEB8F27DC}.Debug|Any CPU.Build.0 = Debug|Any CPU
		{18510085-652B-49E8-8EA8-52EAEB8F27DC}.Release|Any CPU.ActiveCfg = Release|Any CPU
		{18510085-652B-49E8-8EA8-52EAEB8F27DC}.Release|Any CPU.Build.0 = Release|Any CPU
		{6BA26781-9DCB-4487-844E-80F46F4A713F}.Debug|Any CPU.ActiveCfg = Debug|Any CPU
		{6BA26781-9DCB-4487-844E-80F46F4A713F}.Debug|Any CPU.Build.0 = Debug|Any CPU
		{6BA26781-9DCB-4487-844E-80F46F4A713F}.Release|Any CPU.ActiveCfg = Release|Any CPU
		{6BA26781-9DCB-4487-844E-80F46F4A713F}.Release|Any CPU.Build.0 = Release|Any CPU
		{57B84B67-DA40-41B3-8C37-B544F3730C25}.Debug|Any CPU.ActiveCfg = Debug|Any CPU
		{57B84B67-DA40-41B3-8C37-B544F3730C25}.Debug|Any CPU.Build.0 = Debug|Any CPU
		{57B84B67-DA40-41B3-8C37-B544F3730C25}.Release|Any CPU.ActiveCfg = Release|Any CPU
		{57B84B67-DA40-41B3-8C37-B544F3730C25}.Release|Any CPU.Build.0 = Release|Any CPU
		{4D7F8814-7A93-47B0-BD72-579F5E293D84}.Debug|Any CPU.ActiveCfg = Debug|Any CPU
		{4D7F8814-7A93-47B0-BD72-579F5E293D84}.Debug|Any CPU.Build.0 = Debug|Any CPU
		{4D7F8814-7A93-47B0-BD72-579F5E293D84}.Release|Any CPU.ActiveCfg = Release|Any CPU
		{4D7F8814-7A93-47B0-BD72-579F5E293D84}.Release|Any CPU.Build.0 = Release|Any CPU
		{E0AD8487-7A53-4BE7-B012-5D2377F5CCEA}.Debug|Any CPU.ActiveCfg = Debug|Any CPU
		{E0AD8487-7A53-4BE7-B012-5D2377F5CCEA}.Debug|Any CPU.Build.0 = Debug|Any CPU
		{E0AD8487-7A53-4BE7-B012-5D2377F5CCEA}.Release|Any CPU.ActiveCfg = Release|Any CPU
		{E0AD8487-7A53-4BE7-B012-5D2377F5CCEA}.Release|Any CPU.Build.0 = Release|Any CPU
		{0A7C8A1C-F00B-47B8-9C8B-73819964860A}.Debug|Any CPU.ActiveCfg = Debug|Any CPU
		{0A7C8A1C-F00B-47B8-9C8B-73819964860A}.Debug|Any CPU.Build.0 = Debug|Any CPU
		{0A7C8A1C-F00B-47B8-9C8B-73819964860A}.Release|Any CPU.ActiveCfg = Release|Any CPU
		{0A7C8A1C-F00B-47B8-9C8B-73819964860A}.Release|Any CPU.Build.0 = Release|Any CPU
		{4C31A20F-E728-4C32-85D3-CB8A4D4241B8}.Debug|Any CPU.ActiveCfg = Debug|Any CPU
		{4C31A20F-E728-4C32-85D3-CB8A4D4241B8}.Debug|Any CPU.Build.0 = Debug|Any CPU
		{4C31A20F-E728-4C32-85D3-CB8A4D4241B8}.Release|Any CPU.ActiveCfg = Release|Any CPU
		{4C31A20F-E728-4C32-85D3-CB8A4D4241B8}.Release|Any CPU.Build.0 = Release|Any CPU
		{13C9BCDD-B595-4A96-B541-A493086ABFEE}.Debug|Any CPU.ActiveCfg = Debug|Any CPU
		{13C9BCDD-B595-4A96-B541-A493086ABFEE}.Debug|Any CPU.Build.0 = Debug|Any CPU
		{13C9BCDD-B595-4A96-B541-A493086ABFEE}.Release|Any CPU.ActiveCfg = Release|Any CPU
		{13C9BCDD-B595-4A96-B541-A493086ABFEE}.Release|Any CPU.Build.0 = Release|Any CPU
		{71ACC7AC-2622-4127-B925-D058C01A39E5}.Debug|Any CPU.ActiveCfg = Debug|Any CPU
		{71ACC7AC-2622-4127-B925-D058C01A39E5}.Debug|Any CPU.Build.0 = Debug|Any CPU
		{71ACC7AC-2622-4127-B925-D058C01A39E5}.Release|Any CPU.ActiveCfg = Release|Any CPU
		{71ACC7AC-2622-4127-B925-D058C01A39E5}.Release|Any CPU.Build.0 = Release|Any CPU
		{7881D87A-C00C-4765-BABB-4D76F558693E}.Debug|Any CPU.ActiveCfg = Debug|Any CPU
		{7881D87A-C00C-4765-BABB-4D76F558693E}.Debug|Any CPU.Build.0 = Debug|Any CPU
		{7881D87A-C00C-4765-BABB-4D76F558693E}.Release|Any CPU.ActiveCfg = Release|Any CPU
		{7881D87A-C00C-4765-BABB-4D76F558693E}.Release|Any CPU.Build.0 = Release|Any CPU
		{D07F04A5-A3DF-42BB-9CD9-7719BB765A94}.Debug|Any CPU.ActiveCfg = Debug|Any CPU
		{D07F04A5-A3DF-42BB-9CD9-7719BB765A94}.Debug|Any CPU.Build.0 = Debug|Any CPU
		{D07F04A5-A3DF-42BB-9CD9-7719BB765A94}.Release|Any CPU.ActiveCfg = Release|Any CPU
		{D07F04A5-A3DF-42BB-9CD9-7719BB765A94}.Release|Any CPU.Build.0 = Release|Any CPU
		{F511D9E0-9EA6-430B-9CBA-908775DBC3F9}.Debug|Any CPU.ActiveCfg = Debug|Any CPU
		{F511D9E0-9EA6-430B-9CBA-908775DBC3F9}.Debug|Any CPU.Build.0 = Debug|Any CPU
		{F511D9E0-9EA6-430B-9CBA-908775DBC3F9}.Release|Any CPU.ActiveCfg = Release|Any CPU
		{F511D9E0-9EA6-430B-9CBA-908775DBC3F9}.Release|Any CPU.Build.0 = Release|Any CPU
		{50E1D62C-4532-4C1D-BDE4-50CD7E0F9BC9}.Debug|Any CPU.ActiveCfg = Debug|Any CPU
		{50E1D62C-4532-4C1D-BDE4-50CD7E0F9BC9}.Debug|Any CPU.Build.0 = Debug|Any CPU
		{50E1D62C-4532-4C1D-BDE4-50CD7E0F9BC9}.Release|Any CPU.ActiveCfg = Release|Any CPU
		{50E1D62C-4532-4C1D-BDE4-50CD7E0F9BC9}.Release|Any CPU.Build.0 = Release|Any CPU
		{6DE84C3A-4A83-4E13-9BEB-48933BF5CEBC}.Debug|Any CPU.ActiveCfg = Debug|Any CPU
		{6DE84C3A-4A83-4E13-9BEB-48933BF5CEBC}.Debug|Any CPU.Build.0 = Debug|Any CPU
		{6DE84C3A-4A83-4E13-9BEB-48933BF5CEBC}.Release|Any CPU.ActiveCfg = Release|Any CPU
		{6DE84C3A-4A83-4E13-9BEB-48933BF5CEBC}.Release|Any CPU.Build.0 = Release|Any CPU
		{E0109F2E-764D-4173-BD8B-B690BFF87648}.Debug|Any CPU.ActiveCfg = Debug|Any CPU
		{E0109F2E-764D-4173-BD8B-B690BFF87648}.Debug|Any CPU.Build.0 = Debug|Any CPU
		{E0109F2E-764D-4173-BD8B-B690BFF87648}.Release|Any CPU.ActiveCfg = Release|Any CPU
		{E0109F2E-764D-4173-BD8B-B690BFF87648}.Release|Any CPU.Build.0 = Release|Any CPU
		{AB7BFD23-57E8-40A6-85EA-9D4B3206075F}.Debug|Any CPU.ActiveCfg = Debug|Any CPU
		{AB7BFD23-57E8-40A6-85EA-9D4B3206075F}.Debug|Any CPU.Build.0 = Debug|Any CPU
		{AB7BFD23-57E8-40A6-85EA-9D4B3206075F}.Release|Any CPU.ActiveCfg = Release|Any CPU
		{AB7BFD23-57E8-40A6-85EA-9D4B3206075F}.Release|Any CPU.Build.0 = Release|Any CPU
		{8ED71C70-C6C1-48C0-8B2E-153B215F1987}.Debug|Any CPU.ActiveCfg = Debug|Any CPU
		{8ED71C70-C6C1-48C0-8B2E-153B215F1987}.Debug|Any CPU.Build.0 = Debug|Any CPU
		{8ED71C70-C6C1-48C0-8B2E-153B215F1987}.Release|Any CPU.ActiveCfg = Release|Any CPU
		{8ED71C70-C6C1-48C0-8B2E-153B215F1987}.Release|Any CPU.Build.0 = Release|Any CPU
		{BE293A6C-8F06-4B4C-8B88-65787F57F098}.Debug|Any CPU.ActiveCfg = Debug|Any CPU
		{BE293A6C-8F06-4B4C-8B88-65787F57F098}.Debug|Any CPU.Build.0 = Debug|Any CPU
		{BE293A6C-8F06-4B4C-8B88-65787F57F098}.Release|Any CPU.ActiveCfg = Release|Any CPU
		{BE293A6C-8F06-4B4C-8B88-65787F57F098}.Release|Any CPU.Build.0 = Release|Any CPU
	EndGlobalSection
	GlobalSection(SolutionProperties) = preSolution
		HideSolutionNode = FALSE
	EndGlobalSection
	GlobalSection(NestedProjects) = preSolution
		{F0DF6C3B-2B71-4526-8FD0-AC2B731B2C3B} = {F25BDDB8-D549-48E5-8EF2-20368DAF405B}
		{95824F1C-E1A5-42D3-915A-D55F10882743} = {F25BDDB8-D549-48E5-8EF2-20368DAF405B}
		{348F2A6B-57F5-47A3-8A46-3F44529ACD83} = {F25BDDB8-D549-48E5-8EF2-20368DAF405B}
		{6A90EAB3-A9E4-4A2C-90D9-145859790C46} = {F25BDDB8-D549-48E5-8EF2-20368DAF405B}
		{A6B92883-EBFB-4DFE-9817-52EC7E1EDB0C} = {77F60253-2BB5-482E-A467-25D5E4411725}
		{9D25CE01-007F-458C-991F-8BF07C5C97F9} = {A6B92883-EBFB-4DFE-9817-52EC7E1EDB0C}
		{D3DE0B35-DA4F-4A3E-A5DE-EBCD584D46E1} = {A6B92883-EBFB-4DFE-9817-52EC7E1EDB0C}
		{A37EAA28-3B4D-4865-8170-830C2A4A97CC} = {A6B92883-EBFB-4DFE-9817-52EC7E1EDB0C}
		{CB2DE6AC-AD35-4CF1-B77C-72B4AAF4E9A6} = {A6B92883-EBFB-4DFE-9817-52EC7E1EDB0C}
		{F5ECEE0B-353E-4FDC-8F62-6CD387355221} = {A6B92883-EBFB-4DFE-9817-52EC7E1EDB0C}
		{C2EED268-B63B-4A74-927E-FE4C13ADB3C5} = {A6B92883-EBFB-4DFE-9817-52EC7E1EDB0C}
		{E2B03BB1-678D-43EC-B8A9-54F8C5EBFF9D} = {A6B92883-EBFB-4DFE-9817-52EC7E1EDB0C}
		{B96812CB-9A47-4504-93B2-B6F095B7AA1D} = {A6B92883-EBFB-4DFE-9817-52EC7E1EDB0C}
		{5690B5B4-D3FE-4F3B-A9AD-2A4672C8A6F0} = {A6B92883-EBFB-4DFE-9817-52EC7E1EDB0C}
		{E81434B2-F1F7-4794-B31A-18BB45BA3DB7} = {A6B92883-EBFB-4DFE-9817-52EC7E1EDB0C}
		{86178F8E-67E8-4D3D-9800-65C88D0B5849} = {A6B92883-EBFB-4DFE-9817-52EC7E1EDB0C}
		{F8EA2568-5E19-4BE1-90C5-53DFC69344DF} = {A6B92883-EBFB-4DFE-9817-52EC7E1EDB0C}
		{D46C5A31-8CB6-43A9-BB45-5C515F7A4A38} = {A6B92883-EBFB-4DFE-9817-52EC7E1EDB0C}
		{E6751E29-EEA1-4319-B050-38E1F2C7EC0D} = {A6B92883-EBFB-4DFE-9817-52EC7E1EDB0C}
		{BDBF17B7-A629-4958-B804-BF7FFCF1671A} = {A6B92883-EBFB-4DFE-9817-52EC7E1EDB0C}
		{EAE0AE43-F32E-436D-8F4E-302AACB99C16} = {A6B92883-EBFB-4DFE-9817-52EC7E1EDB0C}
		{AC2FC261-B14A-489A-809B-89E878A44A77} = {A6B92883-EBFB-4DFE-9817-52EC7E1EDB0C}
		{388F8552-48F1-4A3A-8CD7-117DA776783A} = {A6B92883-EBFB-4DFE-9817-52EC7E1EDB0C}
		{BD718C2F-20E1-432A-A1EB-E6E6F5F1BD30} = {A6B92883-EBFB-4DFE-9817-52EC7E1EDB0C}
		{60C5B361-6A9C-4215-B3A1-A09A2BF2C14D} = {A6B92883-EBFB-4DFE-9817-52EC7E1EDB0C}
		{39D6B318-BA7F-499C-8D2F-086C6A222FE1} = {A6B92883-EBFB-4DFE-9817-52EC7E1EDB0C}
		{A86C1F1B-940F-414C-B23A-102432A69D5E} = {A6B92883-EBFB-4DFE-9817-52EC7E1EDB0C}
		{ABD7D692-A3D1-4175-A88B-A4B9EE97F61D} = {A6B92883-EBFB-4DFE-9817-52EC7E1EDB0C}
		{343FCD1D-7B74-4B71-BB1A-A4370F482B23} = {A6B92883-EBFB-4DFE-9817-52EC7E1EDB0C}
		{8D2B0F98-869F-43ED-AE36-A61F54AF8E2A} = {A6B92883-EBFB-4DFE-9817-52EC7E1EDB0C}
		{666E9261-0153-41B3-B05F-C183664C0D10} = {A6B92883-EBFB-4DFE-9817-52EC7E1EDB0C}
		{6346AD84-48D7-4C28-8BCB-5D8B1CAA8735} = {A6B92883-EBFB-4DFE-9817-52EC7E1EDB0C}
		{18510085-652B-49E8-8EA8-52EAEB8F27DC} = {A6B92883-EBFB-4DFE-9817-52EC7E1EDB0C}
		{6BA26781-9DCB-4487-844E-80F46F4A713F} = {A6B92883-EBFB-4DFE-9817-52EC7E1EDB0C}
		{57B84B67-DA40-41B3-8C37-B544F3730C25} = {A6B92883-EBFB-4DFE-9817-52EC7E1EDB0C}
		{4D7F8814-7A93-47B0-BD72-579F5E293D84} = {A6B92883-EBFB-4DFE-9817-52EC7E1EDB0C}
		{E0AD8487-7A53-4BE7-B012-5D2377F5CCEA} = {A6B92883-EBFB-4DFE-9817-52EC7E1EDB0C}
		{0A7C8A1C-F00B-47B8-9C8B-73819964860A} = {A6B92883-EBFB-4DFE-9817-52EC7E1EDB0C}
		{4C31A20F-E728-4C32-85D3-CB8A4D4241B8} = {A6B92883-EBFB-4DFE-9817-52EC7E1EDB0C}
		{13C9BCDD-B595-4A96-B541-A493086ABFEE} = {A6B92883-EBFB-4DFE-9817-52EC7E1EDB0C}
		{E5B4AA83-CB82-4DCE-B9A0-E7BCAEF51D1E} = {A56250BF-9A3C-48E0-8795-F6666D2B532B}
		{71ACC7AC-2622-4127-B925-D058C01A39E5} = {DD29F439-3F33-4B7E-AD95-DF6B54430782}
		{7881D87A-C00C-4765-BABB-4D76F558693E} = {DD29F439-3F33-4B7E-AD95-DF6B54430782}
		{D07F04A5-A3DF-42BB-9CD9-7719BB765A94} = {DD29F439-3F33-4B7E-AD95-DF6B54430782}
		{F511D9E0-9EA6-430B-9CBA-908775DBC3F9} = {A6B92883-EBFB-4DFE-9817-52EC7E1EDB0C}
		{50E1D62C-4532-4C1D-BDE4-50CD7E0F9BC9} = {A6B92883-EBFB-4DFE-9817-52EC7E1EDB0C}
		{6DE84C3A-4A83-4E13-9BEB-48933BF5CEBC} = {E5B4AA83-CB82-4DCE-B9A0-E7BCAEF51D1E}
		{E0109F2E-764D-4173-BD8B-B690BFF87648} = {A6B92883-EBFB-4DFE-9817-52EC7E1EDB0C}
		{AB7BFD23-57E8-40A6-85EA-9D4B3206075F} = {A6B92883-EBFB-4DFE-9817-52EC7E1EDB0C}
		{8ED71C70-C6C1-48C0-8B2E-153B215F1987} = {A6B92883-EBFB-4DFE-9817-52EC7E1EDB0C}
		{BE293A6C-8F06-4B4C-8B88-65787F57F098} = {A6B92883-EBFB-4DFE-9817-52EC7E1EDB0C}
	EndGlobalSection
	GlobalSection(ExtensibilityGlobals) = postSolution
		SolutionGuid = {DAE1FE41-2A28-4586-8E87-957795F61EB2}
	EndGlobalSection
EndGlobal
